
Microsoft Visual Studio Solution File, Format Version 12.00
# Visual Studio Version 16
VisualStudioVersion = 16.0.30413.136
MinimumVisualStudioVersion = 10.0.40219.1
Project("{FAE04EC0-301F-11D3-BF4B-00C04F79EFBC}") = "SlotMachineGame", "SlotMachineGame\SlotMachineGame.csproj", "{BE96B989-2A40-4CCD-B7E4-DEB55AC76C70}"
EndProject
Global
	GlobalSection(SolutionConfigurationPlatforms) = preSolution
		Debug|Any CPU = Debug|Any CPU
		Release|Any CPU = Release|Any CPU
	EndGlobalSection
	GlobalSection(ProjectConfigurationPlatforms) = postSolution
		{BE96B989-2A40-4CCD-B7E4-DEB55AC76C70}.Debug|Any CPU.ActiveCfg = Debug|Any CPU
		{BE96B989-2A40-4CCD-B7E4-DEB55AC76C70}.Debug|Any CPU.Build.0 = Debug|Any CPU
		{BE96B989-2A40-4CCD-B7E4-DEB55AC76C70}.Release|Any CPU.ActiveCfg = Release|Any CPU
		{BE96B989-2A40-4CCD-B7E4-DEB55AC76C70}.Release|Any CPU.Build.0 = Release|Any CPU
	EndGlobalSection
	GlobalSection(SolutionProperties) = preSolution
		HideSolutionNode = FALSE
	EndGlobalSection
	GlobalSection(ExtensibilityGlobals) = postSolution
		SolutionGuid = {81B962CF-FF3C-4260-84B6-3E56E87D1219}
	EndGlobalSection
EndGlobal
